
Microsoft Visual Studio Solution File, Format Version 12.00
Project("{FAE04EC0-301F-11D3-BF4B-00C04F79EFBC}") = "CryptoApp", "CryptoApp\CryptoApp.csproj", "{14EECFF6-28C6-4C1A-92CB-4E78066A0970}"
EndProject
Global
	GlobalSection(SolutionConfigurationPlatforms) = preSolution
		Debug|Any CPU = Debug|Any CPU
		Release|Any CPU = Release|Any CPU
	EndGlobalSection
	GlobalSection(ProjectConfigurationPlatforms) = postSolution
		{14EECFF6-28C6-4C1A-92CB-4E78066A0970}.Debug|Any CPU.ActiveCfg = Debug|Any CPU
		{14EECFF6-28C6-4C1A-92CB-4E78066A0970}.Debug|Any CPU.Build.0 = Debug|Any CPU
		{14EECFF6-28C6-4C1A-92CB-4E78066A0970}.Release|Any CPU.ActiveCfg = Release|Any CPU
		{14EECFF6-28C6-4C1A-92CB-4E78066A0970}.Release|Any CPU.Build.0 = Release|Any CPU
	EndGlobalSection
EndGlobal
